
Microsoft Visual Studio Solution File, Format Version 12.00
# Visual Studio 15
VisualStudioVersion = 15.0.27703.2035
MinimumVisualStudioVersion = 10.0.40219.1
Project("{FAE04EC0-301F-11D3-BF4B-00C04F79EFBC}") = "UploadCenterV2", "UploadCenterV2\UploadCenterV2.csproj", "{3DE6D0AC-24FF-4DBB-9C1A-9C50ACD59CE1}"
EndProject
Global
	GlobalSection(SolutionConfigurationPlatforms) = preSolution
		Debug|Any CPU = Debug|Any CPU
		Release|Any CPU = Release|Any CPU
	EndGlobalSection
	GlobalSection(ProjectConfigurationPlatforms) = postSolution
		{3DE6D0AC-24FF-4DBB-9C1A-9C50ACD59CE1}.Debug|Any CPU.ActiveCfg = Debug|Any CPU
		{3DE6D0AC-24FF-4DBB-9C1A-9C50ACD59CE1}.Debug|Any CPU.Build.0 = Debug|Any CPU
		{3DE6D0AC-24FF-4DBB-9C1A-9C50ACD59CE1}.Release|Any CPU.ActiveCfg = Release|Any CPU
		{3DE6D0AC-24FF-4DBB-9C1A-9C50ACD59CE1}.Release|Any CPU.Build.0 = Release|Any CPU
	EndGlobalSection
	GlobalSection(SolutionProperties) = preSolution
		HideSolutionNode = FALSE
	EndGlobalSection
	GlobalSection(ExtensibilityGlobals) = postSolution
		SolutionGuid = {DC82DE4C-152D-428C-8D18-6006EA302A89}
	EndGlobalSection
EndGlobal
